
Microsoft Visual Studio Solution File, Format Version 12.00
# Visual Studio Version 17
VisualStudioVersion = 17.8.34330.188
MinimumVisualStudioVersion = 10.0.40219.1
Project("{9A19103F-16F7-4668-BE54-9A1E7A4F7556}") = "API", "API\API.csproj", "{0F667E0D-BBE3-4D3B-8D81-4D0EC7FA0EDA}"
EndProject
Project("{9A19103F-16F7-4668-BE54-9A1E7A4F7556}") = "DataContext", "DataContext\DataContext.csproj", "{9870D899-C8E8-4D5B-B54B-CB34325B5D5F}"
EndProject
Project("{9A19103F-16F7-4668-BE54-9A1E7A4F7556}") = "Models", "Models\Models.csproj", "{6A21C42E-4C2D-4602-8028-7C3DE9BBE67F}"
EndProject
Project("{9A19103F-16F7-4668-BE54-9A1E7A4F7556}") = "Services", "Services\Services.csproj", "{071B0C74-CFD6-4FB9-91A8-03FF5441A600}"
EndProject
Global
	GlobalSection(SolutionConfigurationPlatforms) = preSolution
		Debug|Any CPU = Debug|Any CPU
		Release|Any CPU = Release|Any CPU
	EndGlobalSection
	GlobalSection(ProjectConfigurationPlatforms) = postSolution
		{0F667E0D-BBE3-4D3B-8D81-4D0EC7FA0EDA}.Debug|Any CPU.ActiveCfg = Debug|Any CPU
		{0F667E0D-BBE3-4D3B-8D81-4D0EC7FA0EDA}.Release|Any CPU.ActiveCfg = Release|Any CPU
		{0F667E0D-BBE3-4D3B-8D81-4D0EC7FA0EDA}.Release|Any CPU.Build.0 = Release|Any CPU
		{9870D899-C8E8-4D5B-B54B-CB34325B5D5F}.Debug|Any CPU.ActiveCfg = Debug|Any CPU
		{9870D899-C8E8-4D5B-B54B-CB34325B5D5F}.Debug|Any CPU.Build.0 = Debug|Any CPU
		{9870D899-C8E8-4D5B-B54B-CB34325B5D5F}.Release|Any CPU.ActiveCfg = Release|Any CPU
		{9870D899-C8E8-4D5B-B54B-CB34325B5D5F}.Release|Any CPU.Build.0 = Release|Any CPU
		{6A21C42E-4C2D-4602-8028-7C3DE9BBE67F}.Debug|Any CPU.ActiveCfg = Debug|Any CPU
		{6A21C42E-4C2D-4602-8028-7C3DE9BBE67F}.Debug|Any CPU.Build.0 = Debug|Any CPU
		{6A21C42E-4C2D-4602-8028-7C3DE9BBE67F}.Release|Any CPU.ActiveCfg = Release|Any CPU
		{6A21C42E-4C2D-4602-8028-7C3DE9BBE67F}.Release|Any CPU.Build.0 = Release|Any CPU
		{071B0C74-CFD6-4FB9-91A8-03FF5441A600}.Debug|Any CPU.ActiveCfg = Debug|Any CPU
		{071B0C74-CFD6-4FB9-91A8-03FF5441A600}.Debug|Any CPU.Build.0 = Debug|Any CPU
		{071B0C74-CFD6-4FB9-91A8-03FF5441A600}.Release|Any CPU.ActiveCfg = Release|Any CPU
		{071B0C74-CFD6-4FB9-91A8-03FF5441A600}.Release|Any CPU.Build.0 = Release|Any CPU
	EndGlobalSection
	GlobalSection(SolutionProperties) = preSolution
		HideSolutionNode = FALSE
	EndGlobalSection
	GlobalSection(ExtensibilityGlobals) = postSolution
		SolutionGuid = {4816CFA5-F8D8-4A3F-88AF-418034B8213A}
	EndGlobalSection
EndGlobal
